
Microsoft Visual Studio Solution File, Format Version 12.00
# Visual Studio 14
VisualStudioVersion = 14.0.25420.1
MinimumVisualStudioVersion = 10.0.40219.1
Project("{FAE04EC0-301F-11D3-BF4B-00C04F79EFBC}") = "Phoneword2", "Phoneword2\Phoneword2\Phoneword2.csproj", "{D7CB542D-F725-4EA3-9918-985C91FC14E1}"
EndProject
Project("{FAE04EC0-301F-11D3-BF4B-00C04F79EFBC}") = "Phoneword2.Droid", "Phoneword2\Phoneword2.Droid\Phoneword2.Droid.csproj", "{83DC8B95-0B56-4A62-8D70-849A7935571D}"
EndProject
Project("{FAE04EC0-301F-11D3-BF4B-00C04F79EFBC}") = "Phoneword2.iOS", "Phoneword2\Phoneword2.iOS\Phoneword2.iOS.csproj", "{FB246EF7-C772-42FB-8420-4B523924AF77}"
EndProject
Project("{FAE04EC0-301F-11D3-BF4B-00C04F79EFBC}") = "Phoneword2.WinPhone", "Phoneword2\Phoneword2.WinPhone\Phoneword2.WinPhone.csproj", "{02025577-FB97-4643-ADFE-A8669F143E36}"
EndProject
Project("{FAE04EC0-301F-11D3-BF4B-00C04F79EFBC}") = "Phoneword2.UWP", "Phoneword2\Phoneword2.UWP\Phoneword2.UWP.csproj", "{43F426FB-87CA-4BEE-8C31-0BF3D5568A69}"
EndProject
Project("{FAE04EC0-301F-11D3-BF4B-00C04F79EFBC}") = "Phoneword2.Windows", "Phoneword2\Phoneword2.Windows\Phoneword2.Windows.csproj", "{F9364FDC-221A-4459-AA10-083D0C509057}"
EndProject
Global
	GlobalSection(SolutionConfigurationPlatforms) = preSolution
		Ad-Hoc|Any CPU = Ad-Hoc|Any CPU
		Ad-Hoc|ARM = Ad-Hoc|ARM
		Ad-Hoc|iPhone = Ad-Hoc|iPhone
		Ad-Hoc|iPhoneSimulator = Ad-Hoc|iPhoneSimulator
		Ad-Hoc|x64 = Ad-Hoc|x64
		Ad-Hoc|x86 = Ad-Hoc|x86
		AppStore|Any CPU = AppStore|Any CPU
		AppStore|ARM = AppStore|ARM
		AppStore|iPhone = AppStore|iPhone
		AppStore|iPhoneSimulator = AppStore|iPhoneSimulator
		AppStore|x64 = AppStore|x64
		AppStore|x86 = AppStore|x86
		Debug|Any CPU = Debug|Any CPU
		Debug|ARM = Debug|ARM
		Debug|iPhone = Debug|iPhone
		Debug|iPhoneSimulator = Debug|iPhoneSimulator
		Debug|x64 = Debug|x64
		Debug|x86 = Debug|x86
		Release|Any CPU = Release|Any CPU
		Release|ARM = Release|ARM
		Release|iPhone = Release|iPhone
		Release|iPhoneSimulator = Release|iPhoneSimulator
		Release|x64 = Release|x64
		Release|x86 = Release|x86
	EndGlobalSection
	GlobalSection(ProjectConfigurationPlatforms) = postSolution
		{D7CB542D-F725-4EA3-9918-985C91FC14E1}.Ad-Hoc|Any CPU.ActiveCfg = Release|Any CPU
		{D7CB542D-F725-4EA3-9918-985C91FC14E1}.Ad-Hoc|Any CPU.Build.0 = Release|Any CPU
		{D7CB542D-F725-4EA3-9918-985C91FC14E1}.Ad-Hoc|ARM.ActiveCfg = Release|Any CPU
		{D7CB542D-F725-4EA3-9918-985C91FC14E1}.Ad-Hoc|ARM.Build.0 = Release|Any CPU
		{D7CB542D-F725-4EA3-9918-985C91FC14E1}.Ad-Hoc|iPhone.ActiveCfg = Release|Any CPU
		{D7CB542D-F725-4EA3-9918-985C91FC14E1}.Ad-Hoc|iPhone.Build.0 = Release|Any CPU
		{D7CB542D-F725-4EA3-9918-985C91FC14E1}.Ad-Hoc|iPhoneSimulator.ActiveCfg = Release|Any CPU
		{D7CB542D-F725-4EA3-9918-985C91FC14E1}.Ad-Hoc|iPhoneSimulator.Build.0 = Release|Any CPU
		{D7CB542D-F725-4EA3-9918-985C91FC14E1}.Ad-Hoc|x64.ActiveCfg = Release|Any CPU
		{D7CB542D-F725-4EA3-9918-985C91FC14E1}.Ad-Hoc|x64.Build.0 = Release|Any CPU
		{D7CB542D-F725-4EA3-9918-985C91FC14E1}.Ad-Hoc|x86.ActiveCfg = Release|Any CPU
		{D7CB542D-F725-4EA3-9918-985C91FC14E1}.Ad-Hoc|x86.Build.0 = Release|Any CPU
		{D7CB542D-F725-4EA3-9918-985C91FC14E1}.AppStore|Any CPU.ActiveCfg = Release|Any CPU
		{D7CB542D-F725-4EA3-9918-985C91FC14E1}.AppStore|Any CPU.Build.0 = Release|Any CPU
		{D7CB542D-F725-4EA3-9918-985C91FC14E1}.AppStore|ARM.ActiveCfg = Release|Any CPU
		{D7CB542D-F725-4EA3-9918-985C91FC14E1}.AppStore|ARM.Build.0 = Release|Any CPU
		{D7CB542D-F725-4EA3-9918-985C91FC14E1}.AppStore|iPhone.ActiveCfg = Release|Any CPU
		{D7CB542D-F725-4EA3-9918-985C91FC14E1}.AppStore|iPhone.Build.0 = Release|Any CPU
		{D7CB542D-F725-4EA3-9918-985C91FC14E1}.AppStore|iPhoneSimulator.ActiveCfg = Release|Any CPU
		{D7CB542D-F725-4EA3-9918-985C91FC14E1}.AppStore|iPhoneSimulator.Build.0 = Release|Any CPU
		{D7CB542D-F725-4EA3-9918-985C91FC14E1}.AppStore|x64.ActiveCfg = Release|Any CPU
		{D7CB542D-F725-4EA3-9918-985C91FC14E1}.AppStore|x64.Build.0 = Release|Any CPU
		{D7CB542D-F725-4EA3-9918-985C91FC14E1}.AppStore|x86.ActiveCfg = Release|Any CPU
		{D7CB542D-F725-4EA3-9918-985C91FC14E1}.AppStore|x86.Build.0 = Release|Any CPU
		{D7CB542D-F725-4EA3-9918-985C91FC14E1}.Debug|Any CPU.ActiveCfg = Debug|Any CPU
		{D7CB542D-F725-4EA3-9918-985C91FC14E1}.Debug|Any CPU.Build.0 = Debug|Any CPU
		{D7CB542D-F725-4EA3-9918-985C91FC14E1}.Debug|ARM.ActiveCfg = Debug|Any CPU
		{D7CB542D-F725-4EA3-9918-985C91FC14E1}.Debug|ARM.Build.0 = Debug|Any CPU
		{D7CB542D-F725-4EA3-9918-985C91FC14E1}.Debug|iPhone.ActiveCfg = Debug|Any CPU
		{D7CB542D-F725-4EA3-9918-985C91FC14E1}.Debug|iPhone.Build.0 = Debug|Any CPU
		{D7CB542D-F725-4EA3-9918-985C91FC14E1}.Debug|iPhoneSimulator.ActiveCfg = Debug|Any CPU
		{D7CB542D-F725-4EA3-9918-985C91FC14E1}.Debug|iPhoneSimulator.Build.0 = Debug|Any CPU
		{D7CB542D-F725-4EA3-9918-985C91FC14E1}.Debug|x64.ActiveCfg = Debug|Any CPU
		{D7CB542D-F725-4EA3-9918-985C91FC14E1}.Debug|x64.Build.0 = Debug|Any CPU
		{D7CB542D-F725-4EA3-9918-985C91FC14E1}.Debug|x86.ActiveCfg = Debug|Any CPU
		{D7CB542D-F725-4EA3-9918-985C91FC14E1}.Debug|x86.Build.0 = Debug|Any CPU
		{D7CB542D-F725-4EA3-9918-985C91FC14E1}.Release|Any CPU.ActiveCfg = Release|Any CPU
		{D7CB542D-F725-4EA3-9918-985C91FC14E1}.Release|Any CPU.Build.0 = Release|Any CPU
		{D7CB542D-F725-4EA3-9918-985C91FC14E1}.Release|ARM.ActiveCfg = Release|Any CPU
		{D7CB542D-F725-4EA3-9918-985C91FC14E1}.Release|ARM.Build.0 = Release|Any CPU
		{D7CB542D-F725-4EA3-9918-985C91FC14E1}.Release|iPhone.ActiveCfg = Release|Any CPU
		{D7CB542D-F725-4EA3-9918-985C91FC14E1}.Release|iPhone.Build.0 = Release|Any CPU
		{D7CB542D-F725-4EA3-9918-985C91FC14E1}.Release|iPhoneSimulator.ActiveCfg = Release|Any CPU
		{D7CB542D-F725-4EA3-9918-985C91FC14E1}.Release|iPhoneSimulator.Build.0 = Release|Any CPU
		{D7CB542D-F725-4EA3-9918-985C91FC14E1}.Release|x64.ActiveCfg = Release|Any CPU
		{D7CB542D-F725-4EA3-9918-985C91FC14E1}.Release|x64.Build.0 = Release|Any CPU
		{D7CB542D-F725-4EA3-9918-985C91FC14E1}.Release|x86.ActiveCfg = Release|Any CPU
		{D7CB542D-F725-4EA3-9918-985C91FC14E1}.Release|x86.Build.0 = Release|Any CPU
		{83DC8B95-0B56-4A62-8D70-849A7935571D}.Ad-Hoc|Any CPU.ActiveCfg = Release|Any CPU
		{83DC8B95-0B56-4A62-8D70-849A7935571D}.Ad-Hoc|Any CPU.Build.0 = Release|Any CPU
		{83DC8B95-0B56-4A62-8D70-849A7935571D}.Ad-Hoc|Any CPU.Deploy.0 = Release|Any CPU
		{83DC8B95-0B56-4A62-8D70-849A7935571D}.Ad-Hoc|ARM.ActiveCfg = Release|Any CPU
		{83DC8B95-0B56-4A62-8D70-849A7935571D}.Ad-Hoc|ARM.Build.0 = Release|Any CPU
		{83DC8B95-0B56-4A62-8D70-849A7935571D}.Ad-Hoc|ARM.Deploy.0 = Release|Any CPU
		{83DC8B95-0B56-4A62-8D70-849A7935571D}.Ad-Hoc|iPhone.ActiveCfg = Release|Any CPU
		{83DC8B95-0B56-4A62-8D70-849A7935571D}.Ad-Hoc|iPhone.Build.0 = Release|Any CPU
		{83DC8B95-0B56-4A62-8D70-849A7935571D}.Ad-Hoc|iPhone.Deploy.0 = Release|Any CPU
		{83DC8B95-0B56-4A62-8D70-849A7935571D}.Ad-Hoc|iPhoneSimulator.ActiveCfg = Release|Any CPU
		{83DC8B95-0B56-4A62-8D70-849A7935571D}.Ad-Hoc|iPhoneSimulator.Build.0 = Release|Any CPU
		{83DC8B95-0B56-4A62-8D70-849A7935571D}.Ad-Hoc|iPhoneSimulator.Deploy.0 = Release|Any CPU
		{83DC8B95-0B56-4A62-8D70-849A7935571D}.Ad-Hoc|x64.ActiveCfg = Release|Any CPU
		{83DC8B95-0B56-4A62-8D70-849A7935571D}.Ad-Hoc|x64.Build.0 = Release|Any CPU
		{83DC8B95-0B56-4A62-8D70-849A7935571D}.Ad-Hoc|x64.Deploy.0 = Release|Any CPU
		{83DC8B95-0B56-4A62-8D70-849A7935571D}.Ad-Hoc|x86.ActiveCfg = Release|Any CPU
		{83DC8B95-0B56-4A62-8D70-849A7935571D}.Ad-Hoc|x86.Build.0 = Release|Any CPU
		{83DC8B95-0B56-4A62-8D70-849A7935571D}.Ad-Hoc|x86.Deploy.0 = Release|Any CPU
		{83DC8B95-0B56-4A62-8D70-849A7935571D}.AppStore|Any CPU.ActiveCfg = Release|Any CPU
		{83DC8B95-0B56-4A62-8D70-849A7935571D}.AppStore|Any CPU.Build.0 = Release|Any CPU
		{83DC8B95-0B56-4A62-8D70-849A7935571D}.AppStore|Any CPU.Deploy.0 = Release|Any CPU
		{83DC8B95-0B56-4A62-8D70-849A7935571D}.AppStore|ARM.ActiveCfg = Release|Any CPU
		{83DC8B95-0B56-4A62-8D70-849A7935571D}.AppStore|ARM.Build.0 = Release|Any CPU
		{83DC8B95-0B56-4A62-8D70-849A7935571D}.AppStore|ARM.Deploy.0 = Release|Any CPU
		{83DC8B95-0B56-4A62-8D70-849A7935571D}.AppStore|iPhone.ActiveCfg = Release|Any CPU
		{83DC8B95-0B56-4A62-8D70-849A7935571D}.AppStore|iPhone.Build.0 = Release|Any CPU
		{83DC8B95-0B56-4A62-8D70-849A7935571D}.AppStore|iPhone.Deploy.0 = Release|Any CPU
		{83DC8B95-0B56-4A62-8D70-849A7935571D}.AppStore|iPhoneSimulator.ActiveCfg = Release|Any CPU
		{83DC8B95-0B56-4A62-8D70-849A7935571D}.AppStore|iPhoneSimulator.Build.0 = Release|Any CPU
		{83DC8B95-0B56-4A62-8D70-849A7935571D}.AppStore|iPhoneSimulator.Deploy.0 = Release|Any CPU
		{83DC8B95-0B56-4A62-8D70-849A7935571D}.AppStore|x64.ActiveCfg = Release|Any CPU
		{83DC8B95-0B56-4A62-8D70-849A7935571D}.AppStore|x64.Build.0 = Release|Any CPU
		{83DC8B95-0B56-4A62-8D70-849A7935571D}.AppStore|x64.Deploy.0 = Release|Any CPU
		{83DC8B95-0B56-4A62-8D70-849A7935571D}.AppStore|x86.ActiveCfg = Release|Any CPU
		{83DC8B95-0B56-4A62-8D70-849A7935571D}.AppStore|x86.Build.0 = Release|Any CPU
		{83DC8B95-0B56-4A62-8D70-849A7935571D}.AppStore|x86.Deploy.0 = Release|Any CPU
		{83DC8B95-0B56-4A62-8D70-849A7935571D}.Debug|Any CPU.ActiveCfg = Debug|Any CPU
		{83DC8B95-0B56-4A62-8D70-849A7935571D}.Debug|Any CPU.Build.0 = Debug|Any CPU
		{83DC8B95-0B56-4A62-8D70-849A7935571D}.Debug|Any CPU.Deploy.0 = Debug|Any CPU
		{83DC8B95-0B56-4A62-8D70-849A7935571D}.Debug|ARM.ActiveCfg = Debug|Any CPU
		{83DC8B95-0B56-4A62-8D70-849A7935571D}.Debug|ARM.Build.0 = Debug|Any CPU
		{83DC8B95-0B56-4A62-8D70-849A7935571D}.Debug|ARM.Deploy.0 = Debug|Any CPU
		{83DC8B95-0B56-4A62-8D70-849A7935571D}.Debug|iPhone.ActiveCfg = Debug|Any CPU
		{83DC8B95-0B56-4A62-8D70-849A7935571D}.Debug|iPhone.Build.0 = Debug|Any CPU
		{83DC8B95-0B56-4A62-8D70-849A7935571D}.Debug|iPhone.Deploy.0 = Debug|Any CPU
		{83DC8B95-0B56-4A62-8D70-849A7935571D}.Debug|iPhoneSimulator.ActiveCfg = Debug|Any CPU
		{83DC8B95-0B56-4A62-8D70-849A7935571D}.Debug|iPhoneSimulator.Build.0 = Debug|Any CPU
		{83DC8B95-0B56-4A62-8D70-849A7935571D}.Debug|iPhoneSimulator.Deploy.0 = Debug|Any CPU
		{83DC8B95-0B56-4A62-8D70-849A7935571D}.Debug|x64.ActiveCfg = Debug|Any CPU
		{83DC8B95-0B56-4A62-8D70-849A7935571D}.Debug|x64.Build.0 = Debug|Any CPU
		{83DC8B95-0B56-4A62-8D70-849A7935571D}.Debug|x64.Deploy.0 = Debug|Any CPU
		{83DC8B95-0B56-4A62-8D70-849A7935571D}.Debug|x86.ActiveCfg = Debug|Any CPU
		{83DC8B95-0B56-4A62-8D70-849A7935571D}.Debug|x86.Build.0 = Debug|Any CPU
		{83DC8B95-0B56-4A62-8D70-849A7935571D}.Debug|x86.Deploy.0 = Debug|Any CPU
		{83DC8B95-0B56-4A62-8D70-849A7935571D}.Release|Any CPU.ActiveCfg = Release|Any CPU
		{83DC8B95-0B56-4A62-8D70-849A7935571D}.Release|Any CPU.Build.0 = Release|Any CPU
		{83DC8B95-0B56-4A62-8D70-849A7935571D}.Release|Any CPU.Deploy.0 = Release|Any CPU
		{83DC8B95-0B56-4A62-8D70-849A7935571D}.Release|ARM.ActiveCfg = Release|Any CPU
		{83DC8B95-0B56-4A62-8D70-849A7935571D}.Release|ARM.Build.0 = Release|Any CPU
		{83DC8B95-0B56-4A62-8D70-849A7935571D}.Release|ARM.Deploy.0 = Release|Any CPU
		{83DC8B95-0B56-4A62-8D70-849A7935571D}.Release|iPhone.ActiveCfg = Release|Any CPU
		{83DC8B95-0B56-4A62-8D70-849A7935571D}.Release|iPhone.Build.0 = Release|Any CPU
		{83DC8B95-0B56-4A62-8D70-849A7935571D}.Release|iPhone.Deploy.0 = Release|Any CPU
		{83DC8B95-0B56-4A62-8D70-849A7935571D}.Release|iPhoneSimulator.ActiveCfg = Release|Any CPU
		{83DC8B95-0B56-4A62-8D70-849A7935571D}.Release|iPhoneSimulator.Build.0 = Release|Any CPU
		{83DC8B95-0B56-4A62-8D70-849A7935571D}.Release|iPhoneSimulator.Deploy.0 = Release|Any CPU
		{83DC8B95-0B56-4A62-8D70-849A7935571D}.Release|x64.ActiveCfg = Release|Any CPU
		{83DC8B95-0B56-4A62-8D70-849A7935571D}.Release|x64.Build.0 = Release|Any CPU
		{83DC8B95-0B56-4A62-8D70-849A7935571D}.Release|x64.Deploy.0 = Release|Any CPU
		{83DC8B95-0B56-4A62-8D70-849A7935571D}.Release|x86.ActiveCfg = Release|Any CPU
		{83DC8B95-0B56-4A62-8D70-849A7935571D}.Release|x86.Build.0 = Release|Any CPU
		{83DC8B95-0B56-4A62-8D70-849A7935571D}.Release|x86.Deploy.0 = Release|Any CPU
		{FB246EF7-C772-42FB-8420-4B523924AF77}.Ad-Hoc|Any CPU.ActiveCfg = Ad-Hoc|iPhone
		{FB246EF7-C772-42FB-8420-4B523924AF77}.Ad-Hoc|ARM.ActiveCfg = Ad-Hoc|iPhone
		{FB246EF7-C772-42FB-8420-4B523924AF77}.Ad-Hoc|iPhone.ActiveCfg = Ad-Hoc|iPhone
		{FB246EF7-C772-42FB-8420-4B523924AF77}.Ad-Hoc|iPhone.Build.0 = Ad-Hoc|iPhone
		{FB246EF7-C772-42FB-8420-4B523924AF77}.Ad-Hoc|iPhoneSimulator.ActiveCfg = Ad-Hoc|iPhoneSimulator
		{FB246EF7-C772-42FB-8420-4B523924AF77}.Ad-Hoc|iPhoneSimulator.Build.0 = Ad-Hoc|iPhoneSimulator
		{FB246EF7-C772-42FB-8420-4B523924AF77}.Ad-Hoc|x64.ActiveCfg = Ad-Hoc|iPhone
		{FB246EF7-C772-42FB-8420-4B523924AF77}.Ad-Hoc|x86.ActiveCfg = Ad-Hoc|iPhone
		{FB246EF7-C772-42FB-8420-4B523924AF77}.AppStore|Any CPU.ActiveCfg = AppStore|iPhone
		{FB246EF7-C772-42FB-8420-4B523924AF77}.AppStore|ARM.ActiveCfg = AppStore|iPhone
		{FB246EF7-C772-42FB-8420-4B523924AF77}.AppStore|iPhone.ActiveCfg = AppStore|iPhone
		{FB246EF7-C772-42FB-8420-4B523924AF77}.AppStore|iPhone.Build.0 = AppStore|iPhone
		{FB246EF7-C772-42FB-8420-4B523924AF77}.AppStore|iPhoneSimulator.ActiveCfg = AppStore|iPhoneSimulator
		{FB246EF7-C772-42FB-8420-4B523924AF77}.AppStore|iPhoneSimulator.Build.0 = AppStore|iPhoneSimulator
		{FB246EF7-C772-42FB-8420-4B523924AF77}.AppStore|x64.ActiveCfg = AppStore|iPhone
		{FB246EF7-C772-42FB-8420-4B523924AF77}.AppStore|x86.ActiveCfg = AppStore|iPhone
		{FB246EF7-C772-42FB-8420-4B523924AF77}.Debug|Any CPU.ActiveCfg = Debug|iPhone
		{FB246EF7-C772-42FB-8420-4B523924AF77}.Debug|ARM.ActiveCfg = Debug|iPhone
		{FB246EF7-C772-42FB-8420-4B523924AF77}.Debug|iPhone.ActiveCfg = Debug|iPhone
		{FB246EF7-C772-42FB-8420-4B523924AF77}.Debug|iPhone.Build.0 = Debug|iPhone
		{FB246EF7-C772-42FB-8420-4B523924AF77}.Debug|iPhoneSimulator.ActiveCfg = Debug|iPhoneSimulator
		{FB246EF7-C772-42FB-8420-4B523924AF77}.Debug|iPhoneSimulator.Build.0 = Debug|iPhoneSimulator
		{FB246EF7-C772-42FB-8420-4B523924AF77}.Debug|x64.ActiveCfg = Debug|iPhone
		{FB246EF7-C772-42FB-8420-4B523924AF77}.Debug|x86.ActiveCfg = Debug|iPhone
		{FB246EF7-C772-42FB-8420-4B523924AF77}.Release|Any CPU.ActiveCfg = Release|iPhone
		{FB246EF7-C772-42FB-8420-4B523924AF77}.Release|ARM.ActiveCfg = Release|iPhone
		{FB246EF7-C772-42FB-8420-4B523924AF77}.Release|iPhone.ActiveCfg = Release|iPhone
		{FB246EF7-C772-42FB-8420-4B523924AF77}.Release|iPhone.Build.0 = Release|iPhone
		{FB246EF7-C772-42FB-8420-4B523924AF77}.Release|iPhoneSimulator.ActiveCfg = Release|iPhoneSimulator
		{FB246EF7-C772-42FB-8420-4B523924AF77}.Release|iPhoneSimulator.Build.0 = Release|iPhoneSimulator
		{FB246EF7-C772-42FB-8420-4B523924AF77}.Release|x64.ActiveCfg = Release|iPhone
		{FB246EF7-C772-42FB-8420-4B523924AF77}.Release|x86.ActiveCfg = Release|iPhone
		{02025577-FB97-4643-ADFE-A8669F143E36}.Ad-Hoc|Any CPU.ActiveCfg = Release|Any CPU
		{02025577-FB97-4643-ADFE-A8669F143E36}.Ad-Hoc|Any CPU.Build.0 = Release|Any CPU
		{02025577-FB97-4643-ADFE-A8669F143E36}.Ad-Hoc|Any CPU.Deploy.0 = Release|Any CPU
		{02025577-FB97-4643-ADFE-A8669F143E36}.Ad-Hoc|ARM.ActiveCfg = Release|ARM
		{02025577-FB97-4643-ADFE-A8669F143E36}.Ad-Hoc|ARM.Build.0 = Release|ARM
		{02025577-FB97-4643-ADFE-A8669F143E36}.Ad-Hoc|ARM.Deploy.0 = Release|ARM
		{02025577-FB97-4643-ADFE-A8669F143E36}.Ad-Hoc|iPhone.ActiveCfg = Release|Any CPU
		{02025577-FB97-4643-ADFE-A8669F143E36}.Ad-Hoc|iPhone.Build.0 = Release|Any CPU
		{02025577-FB97-4643-ADFE-A8669F143E36}.Ad-Hoc|iPhone.Deploy.0 = Release|Any CPU
		{02025577-FB97-4643-ADFE-A8669F143E36}.Ad-Hoc|iPhoneSimulator.ActiveCfg = Release|Any CPU
		{02025577-FB97-4643-ADFE-A8669F143E36}.Ad-Hoc|iPhoneSimulator.Build.0 = Release|Any CPU
		{02025577-FB97-4643-ADFE-A8669F143E36}.Ad-Hoc|iPhoneSimulator.Deploy.0 = Release|Any CPU
		{02025577-FB97-4643-ADFE-A8669F143E36}.Ad-Hoc|x64.ActiveCfg = Release|Any CPU
		{02025577-FB97-4643-ADFE-A8669F143E36}.Ad-Hoc|x64.Build.0 = Release|Any CPU
		{02025577-FB97-4643-ADFE-A8669F143E36}.Ad-Hoc|x64.Deploy.0 = Release|Any CPU
		{02025577-FB97-4643-ADFE-A8669F143E36}.Ad-Hoc|x86.ActiveCfg = Release|x86
		{02025577-FB97-4643-ADFE-A8669F143E36}.Ad-Hoc|x86.Build.0 = Release|x86
		{02025577-FB97-4643-ADFE-A8669F143E36}.Ad-Hoc|x86.Deploy.0 = Release|x86
		{02025577-FB97-4643-ADFE-A8669F143E36}.AppStore|Any CPU.ActiveCfg = Release|Any CPU
		{02025577-FB97-4643-ADFE-A8669F143E36}.AppStore|Any CPU.Build.0 = Release|Any CPU
		{02025577-FB97-4643-ADFE-A8669F143E36}.AppStore|Any CPU.Deploy.0 = Release|Any CPU
		{02025577-FB97-4643-ADFE-A8669F143E36}.AppStore|ARM.ActiveCfg = Release|ARM
		{02025577-FB97-4643-ADFE-A8669F143E36}.AppStore|ARM.Build.0 = Release|ARM
		{02025577-FB97-4643-ADFE-A8669F143E36}.AppStore|ARM.Deploy.0 = Release|ARM
		{02025577-FB97-4643-ADFE-A8669F143E36}.AppStore|iPhone.ActiveCfg = Release|Any CPU
		{02025577-FB97-4643-ADFE-A8669F143E36}.AppStore|iPhone.Build.0 = Release|Any CPU
		{02025577-FB97-4643-ADFE-A8669F143E36}.AppStore|iPhone.Deploy.0 = Release|Any CPU
		{02025577-FB97-4643-ADFE-A8669F143E36}.AppStore|iPhoneSimulator.ActiveCfg = Release|Any CPU
		{02025577-FB97-4643-ADFE-A8669F143E36}.AppStore|iPhoneSimulator.Build.0 = Release|Any CPU
		{02025577-FB97-4643-ADFE-A8669F143E36}.AppStore|iPhoneSimulator.Deploy.0 = Release|Any CPU
		{02025577-FB97-4643-ADFE-A8669F143E36}.AppStore|x64.ActiveCfg = Release|Any CPU
		{02025577-FB97-4643-ADFE-A8669F143E36}.AppStore|x64.Build.0 = Release|Any CPU
		{02025577-FB97-4643-ADFE-A8669F143E36}.AppStore|x64.Deploy.0 = Release|Any CPU
		{02025577-FB97-4643-ADFE-A8669F143E36}.AppStore|x86.ActiveCfg = Release|x86
		{02025577-FB97-4643-ADFE-A8669F143E36}.AppStore|x86.Build.0 = Release|x86
		{02025577-FB97-4643-ADFE-A8669F143E36}.AppStore|x86.Deploy.0 = Release|x86
		{02025577-FB97-4643-ADFE-A8669F143E36}.Debug|Any CPU.ActiveCfg = Debug|Any CPU
		{02025577-FB97-4643-ADFE-A8669F143E36}.Debug|Any CPU.Build.0 = Debug|Any CPU
		{02025577-FB97-4643-ADFE-A8669F143E36}.Debug|Any CPU.Deploy.0 = Debug|Any CPU
		{02025577-FB97-4643-ADFE-A8669F143E36}.Debug|ARM.ActiveCfg = Debug|ARM
		{02025577-FB97-4643-ADFE-A8669F143E36}.Debug|ARM.Build.0 = Debug|ARM
		{02025577-FB97-4643-ADFE-A8669F143E36}.Debug|ARM.Deploy.0 = Debug|ARM
		{02025577-FB97-4643-ADFE-A8669F143E36}.Debug|iPhone.ActiveCfg = Debug|Any CPU
		{02025577-FB97-4643-ADFE-A8669F143E36}.Debug|iPhone.Build.0 = Debug|Any CPU
		{02025577-FB97-4643-ADFE-A8669F143E36}.Debug|iPhone.Deploy.0 = Debug|Any CPU
		{02025577-FB97-4643-ADFE-A8669F143E36}.Debug|iPhoneSimulator.ActiveCfg = Debug|Any CPU
		{02025577-FB97-4643-ADFE-A8669F143E36}.Debug|iPhoneSimulator.Build.0 = Debug|Any CPU
		{02025577-FB97-4643-ADFE-A8669F143E36}.Debug|iPhoneSimulator.Deploy.0 = Debug|Any CPU
		{02025577-FB97-4643-ADFE-A8669F143E36}.Debug|x64.ActiveCfg = Debug|Any CPU
		{02025577-FB97-4643-ADFE-A8669F143E36}.Debug|x64.Build.0 = Debug|Any CPU
		{02025577-FB97-4643-ADFE-A8669F143E36}.Debug|x64.Deploy.0 = Debug|Any CPU
		{02025577-FB97-4643-ADFE-A8669F143E36}.Debug|x86.ActiveCfg = Debug|x86
		{02025577-FB97-4643-ADFE-A8669F143E36}.Debug|x86.Build.0 = Debug|x86
		{02025577-FB97-4643-ADFE-A8669F143E36}.Debug|x86.Deploy.0 = Debug|x86
		{02025577-FB97-4643-ADFE-A8669F143E36}.Release|Any CPU.ActiveCfg = Release|Any CPU
		{02025577-FB97-4643-ADFE-A8669F143E36}.Release|Any CPU.Build.0 = Release|Any CPU
		{02025577-FB97-4643-ADFE-A8669F143E36}.Release|Any CPU.Deploy.0 = Release|Any CPU
		{02025577-FB97-4643-ADFE-A8669F143E36}.Release|ARM.ActiveCfg = Release|ARM
		{02025577-FB97-4643-ADFE-A8669F143E36}.Release|ARM.Build.0 = Release|ARM
		{02025577-FB97-4643-ADFE-A8669F143E36}.Release|ARM.Deploy.0 = Release|ARM
		{02025577-FB97-4643-ADFE-A8669F143E36}.Release|iPhone.ActiveCfg = Release|Any CPU
		{02025577-FB97-4643-ADFE-A8669F143E36}.Release|iPhone.Build.0 = Release|Any CPU
		{02025577-FB97-4643-ADFE-A8669F143E36}.Release|iPhone.Deploy.0 = Release|Any CPU
		{02025577-FB97-4643-ADFE-A8669F143E36}.Release|iPhoneSimulator.ActiveCfg = Release|Any CPU
		{02025577-FB97-4643-ADFE-A8669F143E36}.Release|iPhoneSimulator.Build.0 = Release|Any CPU
		{02025577-FB97-4643-ADFE-A8669F143E36}.Release|iPhoneSimulator.Deploy.0 = Release|Any CPU
		{02025577-FB97-4643-ADFE-A8669F143E36}.Release|x64.ActiveCfg = Release|Any CPU
		{02025577-FB97-4643-ADFE-A8669F143E36}.Release|x64.Build.0 = Release|Any CPU
		{02025577-FB97-4643-ADFE-A8669F143E36}.Release|x64.Deploy.0 = Release|Any CPU
		{02025577-FB97-4643-ADFE-A8669F143E36}.Release|x86.ActiveCfg = Release|x86
		{02025577-FB97-4643-ADFE-A8669F143E36}.Release|x86.Build.0 = Release|x86
		{02025577-FB97-4643-ADFE-A8669F143E36}.Release|x86.Deploy.0 = Release|x86
		{43F426FB-87CA-4BEE-8C31-0BF3D5568A69}.Ad-Hoc|Any CPU.ActiveCfg = Release|x86
		{43F426FB-87CA-4BEE-8C31-0BF3D5568A69}.Ad-Hoc|Any CPU.Build.0 = Release|x86
		{43F426FB-87CA-4BEE-8C31-0BF3D5568A69}.Ad-Hoc|Any CPU.Deploy.0 = Release|x86
		{43F426FB-87CA-4BEE-8C31-0BF3D5568A69}.Ad-Hoc|ARM.ActiveCfg = Release|ARM
		{43F426FB-87CA-4BEE-8C31-0BF3D5568A69}.Ad-Hoc|ARM.Build.0 = Release|ARM
		{43F426FB-87CA-4BEE-8C31-0BF3D5568A69}.Ad-Hoc|ARM.Deploy.0 = Release|ARM
		{43F426FB-87CA-4BEE-8C31-0BF3D5568A69}.Ad-Hoc|iPhone.ActiveCfg = Release|x86
		{43F426FB-87CA-4BEE-8C31-0BF3D5568A69}.Ad-Hoc|iPhone.Build.0 = Release|x86
		{43F426FB-87CA-4BEE-8C31-0BF3D5568A69}.Ad-Hoc|iPhone.Deploy.0 = Release|x86
		{43F426FB-87CA-4BEE-8C31-0BF3D5568A69}.Ad-Hoc|iPhoneSimulator.ActiveCfg = Release|x86
		{43F426FB-87CA-4BEE-8C31-0BF3D5568A69}.Ad-Hoc|iPhoneSimulator.Build.0 = Release|x86
		{43F426FB-87CA-4BEE-8C31-0BF3D5568A69}.Ad-Hoc|iPhoneSimulator.Deploy.0 = Release|x86
		{43F426FB-87CA-4BEE-8C31-0BF3D5568A69}.Ad-Hoc|x64.ActiveCfg = Release|x64
		{43F426FB-87CA-4BEE-8C31-0BF3D5568A69}.Ad-Hoc|x64.Build.0 = Release|x64
		{43F426FB-87CA-4BEE-8C31-0BF3D5568A69}.Ad-Hoc|x64.Deploy.0 = Release|x64
		{43F426FB-87CA-4BEE-8C31-0BF3D5568A69}.Ad-Hoc|x86.ActiveCfg = Release|x86
		{43F426FB-87CA-4BEE-8C31-0BF3D5568A69}.Ad-Hoc|x86.Build.0 = Release|x86
		{43F426FB-87CA-4BEE-8C31-0BF3D5568A69}.Ad-Hoc|x86.Deploy.0 = Release|x86
		{43F426FB-87CA-4BEE-8C31-0BF3D5568A69}.AppStore|Any CPU.ActiveCfg = Release|x86
		{43F426FB-87CA-4BEE-8C31-0BF3D5568A69}.AppStore|Any CPU.Build.0 = Release|x86
		{43F426FB-87CA-4BEE-8C31-0BF3D5568A69}.AppStore|Any CPU.Deploy.0 = Release|x86
		{43F426FB-87CA-4BEE-8C31-0BF3D5568A69}.AppStore|ARM.ActiveCfg = Release|ARM
		{43F426FB-87CA-4BEE-8C31-0BF3D5568A69}.AppStore|ARM.Build.0 = Release|ARM
		{43F426FB-87CA-4BEE-8C31-0BF3D5568A69}.AppStore|ARM.Deploy.0 = Release|ARM
		{43F426FB-87CA-4BEE-8C31-0BF3D5568A69}.AppStore|iPhone.ActiveCfg = Release|x86
		{43F426FB-87CA-4BEE-8C31-0BF3D5568A69}.AppStore|iPhone.Build.0 = Release|x86
		{43F426FB-87CA-4BEE-8C31-0BF3D5568A69}.AppStore|iPhone.Deploy.0 = Release|x86
		{43F426FB-87CA-4BEE-8C31-0BF3D5568A69}.AppStore|iPhoneSimulator.ActiveCfg = Release|x86
		{43F426FB-87CA-4BEE-8C31-0BF3D5568A69}.AppStore|iPhoneSimulator.Build.0 = Release|x86
		{43F426FB-87CA-4BEE-8C31-0BF3D5568A69}.AppStore|iPhoneSimulator.Deploy.0 = Release|x86
		{43F426FB-87CA-4BEE-8C31-0BF3D5568A69}.AppStore|x64.ActiveCfg = Release|x64
		{43F426FB-87CA-4BEE-8C31-0BF3D5568A69}.AppStore|x64.Build.0 = Release|x64
		{43F426FB-87CA-4BEE-8C31-0BF3D5568A69}.AppStore|x64.Deploy.0 = Release|x64
		{43F426FB-87CA-4BEE-8C31-0BF3D5568A69}.AppStore|x86.ActiveCfg = Release|x86
		{43F426FB-87CA-4BEE-8C31-0BF3D5568A69}.AppStore|x86.Build.0 = Release|x86
		{43F426FB-87CA-4BEE-8C31-0BF3D5568A69}.AppStore|x86.Deploy.0 = Release|x86
		{43F426FB-87CA-4BEE-8C31-0BF3D5568A69}.Debug|Any CPU.ActiveCfg = Debug|x86
		{43F426FB-87CA-4BEE-8C31-0BF3D5568A69}.Debug|ARM.ActiveCfg = Debug|ARM
		{43F426FB-87CA-4BEE-8C31-0BF3D5568A69}.Debug|ARM.Build.0 = Debug|ARM
		{43F426FB-87CA-4BEE-8C31-0BF3D5568A69}.Debug|ARM.Deploy.0 = Debug|ARM
		{43F426FB-87CA-4BEE-8C31-0BF3D5568A69}.Debug|iPhone.ActiveCfg = Debug|x86
		{43F426FB-87CA-4BEE-8C31-0BF3D5568A69}.Debug|iPhoneSimulator.ActiveCfg = Debug|x86
		{43F426FB-87CA-4BEE-8C31-0BF3D5568A69}.Debug|x64.ActiveCfg = Debug|x64
		{43F426FB-87CA-4BEE-8C31-0BF3D5568A69}.Debug|x64.Build.0 = Debug|x64
		{43F426FB-87CA-4BEE-8C31-0BF3D5568A69}.Debug|x64.Deploy.0 = Debug|x64
		{43F426FB-87CA-4BEE-8C31-0BF3D5568A69}.Debug|x86.ActiveCfg = Debug|x86
		{43F426FB-87CA-4BEE-8C31-0BF3D5568A69}.Debug|x86.Build.0 = Debug|x86
		{43F426FB-87CA-4BEE-8C31-0BF3D5568A69}.Debug|x86.Deploy.0 = Debug|x86
		{43F426FB-87CA-4BEE-8C31-0BF3D5568A69}.Release|Any CPU.ActiveCfg = Release|x86
		{43F426FB-87CA-4BEE-8C31-0BF3D5568A69}.Release|ARM.ActiveCfg = Release|ARM
		{43F426FB-87CA-4BEE-8C31-0BF3D5568A69}.Release|ARM.Build.0 = Release|ARM
		{43F426FB-87CA-4BEE-8C31-0BF3D5568A69}.Release|ARM.Deploy.0 = Release|ARM
		{43F426FB-87CA-4BEE-8C31-0BF3D5568A69}.Release|iPhone.ActiveCfg = Release|x86
		{43F426FB-87CA-4BEE-8C31-0BF3D5568A69}.Release|iPhoneSimulator.ActiveCfg = Release|x86
		{43F426FB-87CA-4BEE-8C31-0BF3D5568A69}.Release|x64.ActiveCfg = Release|x64
		{43F426FB-87CA-4BEE-8C31-0BF3D5568A69}.Release|x64.Build.0 = Release|x64
		{43F426FB-87CA-4BEE-8C31-0BF3D5568A69}.Release|x64.Deploy.0 = Release|x64
		{43F426FB-87CA-4BEE-8C31-0BF3D5568A69}.Release|x86.ActiveCfg = Release|x86
		{43F426FB-87CA-4BEE-8C31-0BF3D5568A69}.Release|x86.Build.0 = Release|x86
		{43F426FB-87CA-4BEE-8C31-0BF3D5568A69}.Release|x86.Deploy.0 = Release|x86
		{F9364FDC-221A-4459-AA10-083D0C509057}.Ad-Hoc|Any CPU.ActiveCfg = Release|Any CPU
		{F9364FDC-221A-4459-AA10-083D0C509057}.Ad-Hoc|Any CPU.Build.0 = Release|Any CPU
		{F9364FDC-221A-4459-AA10-083D0C509057}.Ad-Hoc|Any CPU.Deploy.0 = Release|Any CPU
		{F9364FDC-221A-4459-AA10-083D0C509057}.Ad-Hoc|ARM.ActiveCfg = Release|ARM
		{F9364FDC-221A-4459-AA10-083D0C509057}.Ad-Hoc|ARM.Build.0 = Release|ARM
		{F9364FDC-221A-4459-AA10-083D0C509057}.Ad-Hoc|ARM.Deploy.0 = Release|ARM
		{F9364FDC-221A-4459-AA10-083D0C509057}.Ad-Hoc|iPhone.ActiveCfg = Release|Any CPU
		{F9364FDC-221A-4459-AA10-083D0C509057}.Ad-Hoc|iPhone.Build.0 = Release|Any CPU
		{F9364FDC-221A-4459-AA10-083D0C509057}.Ad-Hoc|iPhone.Deploy.0 = Release|Any CPU
		{F9364FDC-221A-4459-AA10-083D0C509057}.Ad-Hoc|iPhoneSimulator.ActiveCfg = Release|Any CPU
		{F9364FDC-221A-4459-AA10-083D0C509057}.Ad-Hoc|iPhoneSimulator.Build.0 = Release|Any CPU
		{F9364FDC-221A-4459-AA10-083D0C509057}.Ad-Hoc|iPhoneSimulator.Deploy.0 = Release|Any CPU
		{F9364FDC-221A-4459-AA10-083D0C509057}.Ad-Hoc|x64.ActiveCfg = Release|x64
		{F9364FDC-221A-4459-AA10-083D0C509057}.Ad-Hoc|x64.Build.0 = Release|x64
		{F9364FDC-221A-4459-AA10-083D0C509057}.Ad-Hoc|x64.Deploy.0 = Release|x64
		{F9364FDC-221A-4459-AA10-083D0C509057}.Ad-Hoc|x86.ActiveCfg = Release|x86
		{F9364FDC-221A-4459-AA10-083D0C509057}.Ad-Hoc|x86.Build.0 = Release|x86
		{F9364FDC-221A-4459-AA10-083D0C509057}.Ad-Hoc|x86.Deploy.0 = Release|x86
		{F9364FDC-221A-4459-AA10-083D0C509057}.AppStore|Any CPU.ActiveCfg = Release|Any CPU
		{F9364FDC-221A-4459-AA10-083D0C509057}.AppStore|Any CPU.Build.0 = Release|Any CPU
		{F9364FDC-221A-4459-AA10-083D0C509057}.AppStore|Any CPU.Deploy.0 = Release|Any CPU
		{F9364FDC-221A-4459-AA10-083D0C509057}.AppStore|ARM.ActiveCfg = Release|ARM
		{F9364FDC-221A-4459-AA10-083D0C509057}.AppStore|ARM.Build.0 = Release|ARM
		{F9364FDC-221A-4459-AA10-083D0C509057}.AppStore|ARM.Deploy.0 = Release|ARM
		{F9364FDC-221A-4459-AA10-083D0C509057}.AppStore|iPhone.ActiveCfg = Release|Any CPU
		{F9364FDC-221A-4459-AA10-083D0C509057}.AppStore|iPhone.Build.0 = Release|Any CPU
		{F9364FDC-221A-4459-AA10-083D0C509057}.AppStore|iPhone.Deploy.0 = Release|Any CPU
		{F9364FDC-221A-4459-AA10-083D0C509057}.AppStore|iPhoneSimulator.ActiveCfg = Release|Any CPU
		{F9364FDC-221A-4459-AA10-083D0C509057}.AppStore|iPhoneSimulator.Build.0 = Release|Any CPU
		{F9364FDC-221A-4459-AA10-083D0C509057}.AppStore|iPhoneSimulator.Deploy.0 = Release|Any CPU
		{F9364FDC-221A-4459-AA10-083D0C509057}.AppStore|x64.ActiveCfg = Release|x64
		{F9364FDC-221A-4459-AA10-083D0C509057}.AppStore|x64.Build.0 = Release|x64
		{F9364FDC-221A-4459-AA10-083D0C509057}.AppStore|x64.Deploy.0 = Release|x64
		{F9364FDC-221A-4459-AA10-083D0C509057}.AppStore|x86.ActiveCfg = Release|x86
		{F9364FDC-221A-4459-AA10-083D0C509057}.AppStore|x86.Build.0 = Release|x86
		{F9364FDC-221A-4459-AA10-083D0C509057}.AppStore|x86.Deploy.0 = Release|x86
		{F9364FDC-221A-4459-AA10-083D0C509057}.Debug|Any CPU.ActiveCfg = Debug|Any CPU
		{F9364FDC-221A-4459-AA10-083D0C509057}.Debug|Any CPU.Build.0 = Debug|Any CPU
		{F9364FDC-221A-4459-AA10-083D0C509057}.Debug|Any CPU.Deploy.0 = Debug|Any CPU
		{F9364FDC-221A-4459-AA10-083D0C509057}.Debug|ARM.ActiveCfg = Debug|ARM
		{F9364FDC-221A-4459-AA10-083D0C509057}.Debug|ARM.Build.0 = Debug|ARM
		{F9364FDC-221A-4459-AA10-083D0C509057}.Debug|ARM.Deploy.0 = Debug|ARM
		{F9364FDC-221A-4459-AA10-083D0C509057}.Debug|iPhone.ActiveCfg = Debug|Any CPU
		{F9364FDC-221A-4459-AA10-083D0C509057}.Debug|iPhone.Build.0 = Debug|Any CPU
		{F9364FDC-221A-4459-AA10-083D0C509057}.Debug|iPhone.Deploy.0 = Debug|Any CPU
		{F9364FDC-221A-4459-AA10-083D0C509057}.Debug|iPhoneSimulator.ActiveCfg = Debug|Any CPU
		{F9364FDC-221A-4459-AA10-083D0C509057}.Debug|iPhoneSimulator.Build.0 = Debug|Any CPU
		{F9364FDC-221A-4459-AA10-083D0C509057}.Debug|iPhoneSimulator.Deploy.0 = Debug|Any CPU
		{F9364FDC-221A-4459-AA10-083D0C509057}.Debug|x64.ActiveCfg = Debug|x64
		{F9364FDC-221A-4459-AA10-083D0C509057}.Debug|x64.Build.0 = Debug|x64
		{F9364FDC-221A-4459-AA10-083D0C509057}.Debug|x64.Deploy.0 = Debug|x64
		{F9364FDC-221A-4459-AA10-083D0C509057}.Debug|x86.ActiveCfg = Debug|x86
		{F9364FDC-221A-4459-AA10-083D0C509057}.Debug|x86.Build.0 = Debug|x86
		{F9364FDC-221A-4459-AA10-083D0C509057}.Debug|x86.Deploy.0 = Debug|x86
		{F9364FDC-221A-4459-AA10-083D0C509057}.Release|Any CPU.ActiveCfg = Release|Any CPU
		{F9364FDC-221A-4459-AA10-083D0C509057}.Release|Any CPU.Build.0 = Release|Any CPU
		{F9364FDC-221A-4459-AA10-083D0C509057}.Release|Any CPU.Deploy.0 = Release|Any CPU
		{F9364FDC-221A-4459-AA10-083D0C509057}.Release|ARM.ActiveCfg = Release|ARM
		{F9364FDC-221A-4459-AA10-083D0C509057}.Release|ARM.Build.0 = Release|ARM
		{F9364FDC-221A-4459-AA10-083D0C509057}.Release|ARM.Deploy.0 = Release|ARM
		{F9364FDC-221A-4459-AA10-083D0C509057}.Release|iPhone.ActiveCfg = Release|Any CPU
		{F9364FDC-221A-4459-AA10-083D0C509057}.Release|iPhone.Build.0 = Release|Any CPU
		{F9364FDC-221A-4459-AA10-083D0C509057}.Release|iPhone.Deploy.0 = Release|Any CPU
		{F9364FDC-221A-4459-AA10-083D0C509057}.Release|iPhoneSimulator.ActiveCfg = Release|Any CPU
		{F9364FDC-221A-4459-AA10-083D0C509057}.Release|iPhoneSimulator.Build.0 = Release|Any CPU
		{F9364FDC-221A-4459-AA10-083D0C509057}.Release|iPhoneSimulator.Deploy.0 = Release|Any CPU
		{F9364FDC-221A-4459-AA10-083D0C509057}.Release|x64.ActiveCfg = Release|x64
		{F9364FDC-221A-4459-AA10-083D0C509057}.Release|x64.Build.0 = Release|x64
		{F9364FDC-221A-4459-AA10-083D0C509057}.Release|x64.Deploy.0 = Release|x64
		{F9364FDC-221A-4459-AA10-083D0C509057}.Release|x86.ActiveCfg = Release|x86
		{F9364FDC-221A-4459-AA10-083D0C509057}.Release|x86.Build.0 = Release|x86
		{F9364FDC-221A-4459-AA10-083D0C509057}.Release|x86.Deploy.0 = Release|x86
	EndGlobalSection
	GlobalSection(SolutionProperties) = preSolution
		HideSolutionNode = FALSE
	EndGlobalSection
EndGlobal
